{
  "nodes": {
    "entropy": {
      "flake": false,
      "locked": {
        "narHash": "sha256-d6xi4mKdjkX2JFicDIv5niSzpyI0m/Hnm8GGAIU04kY=",
        "type": "file",
        "url": "file:///dev/null"
      },
      "original": {
        "type": "file",
        "url": "file:///dev/null"
      }
    },
    "nixpkgs": {
      "locked": {
        "lastModified": 1751949589,
        "narHash": "sha256-mgFxAPLWw0Kq+C8P3dRrZrOYEQXOtKuYVlo9xvPntt8=",
        "owner": "NixOS",
        "repo": "nixpkgs",
        "rev": "9b008d60392981ad674e04016d25619281550a9d",
        "type": "github"
      },
      "original": {
        "id": "nixpkgs",
        "type": "indirect"
      }
    },
    "root": {
      "inputs": {
        "entropy": "entropy",
        "nixpkgs": "nixpkgs"
      }
    }
  },
  "root": "root",
  "version": 7
}
